
Microsoft Visual Studio Solution File, Format Version 12.00
# Visual Studio 2013
VisualStudioVersion = 12.0.31101.0
MinimumVisualStudioVersion = 10.0.40219.1
Project("{2150E333-8FDC-42A3-9474-1A3956D46DE8}") = "src", "src", "{AA6FE0B2-8218-4CFE-A520-ECC2F7B6266E}"
EndProject
Project("{FAE04EC0-301F-11D3-BF4B-00C04F79EFBC}") = "DF.Core", "src\DF.Core\DF.Core.csproj", "{52030E4F-C189-40AF-9C94-7E00A5D46032}"
EndProject
Project("{FAE04EC0-301F-11D3-BF4B-00C04F79EFBC}") = "DF.Contracts", "src\DF.Contracts\DF.Contracts.csproj", "{5AB7238A-7AA6-47C4-B378-AFFD616295C1}"
EndProject
Project("{FAE04EC0-301F-11D3-BF4B-00C04F79EFBC}") = "DF.EntityFramework", "src\DF.EntityFramework\DF.EntityFramework.csproj", "{E76F00BE-03F9-4C21-93A5-EC7D9CC47DEA}"
EndProject
Project("{2150E333-8FDC-42A3-9474-1A3956D46DE8}") = "test", "test", "{E32D8AE9-2E7E-4CBC-8AA9-CC9CC4C66A8F}"
EndProject
Project("{2150E333-8FDC-42A3-9474-1A3956D46DE8}") = ".nuget", ".nuget", "{A554F17F-6298-40F5-B5F4-3B9481FD037C}"
	ProjectSection(SolutionItems) = preProject
		.nuget\packages.config = .nuget\packages.config
	EndProjectSection
EndProject
Project("{FAE04EC0-301F-11D3-BF4B-00C04F79EFBC}") = "DF.Test.SqlCe", "test\DF.Test.SqlCe\DF.Test.SqlCe.csproj", "{1552050B-1250-4957-AD5C-5BEC12B45317}"
EndProject
Global
	GlobalSection(SolutionConfigurationPlatforms) = preSolution
		Debug|Any CPU = Debug|Any CPU
		Release|Any CPU = Release|Any CPU
	EndGlobalSection
	GlobalSection(ProjectConfigurationPlatforms) = postSolution
		{52030E4F-C189-40AF-9C94-7E00A5D46032}.Debug|Any CPU.ActiveCfg = Debug|Any CPU
		{52030E4F-C189-40AF-9C94-7E00A5D46032}.Debug|Any CPU.Build.0 = Debug|Any CPU
		{52030E4F-C189-40AF-9C94-7E00A5D46032}.Release|Any CPU.ActiveCfg = Release|Any CPU
		{52030E4F-C189-40AF-9C94-7E00A5D46032}.Release|Any CPU.Build.0 = Release|Any CPU
		{5AB7238A-7AA6-47C4-B378-AFFD616295C1}.Debug|Any CPU.ActiveCfg = Debug|Any CPU
		{5AB7238A-7AA6-47C4-B378-AFFD616295C1}.Debug|Any CPU.Build.0 = Debug|Any CPU
		{5AB7238A-7AA6-47C4-B378-AFFD616295C1}.Release|Any CPU.ActiveCfg = Release|Any CPU
		{5AB7238A-7AA6-47C4-B378-AFFD616295C1}.Release|Any CPU.Build.0 = Release|Any CPU
		{E76F00BE-03F9-4C21-93A5-EC7D9CC47DEA}.Debug|Any CPU.ActiveCfg = Debug|Any CPU
		{E76F00BE-03F9-4C21-93A5-EC7D9CC47DEA}.Debug|Any CPU.Build.0 = Debug|Any CPU
		{E76F00BE-03F9-4C21-93A5-EC7D9CC47DEA}.Release|Any CPU.ActiveCfg = Release|Any CPU
		{E76F00BE-03F9-4C21-93A5-EC7D9CC47DEA}.Release|Any CPU.Build.0 = Release|Any CPU
		{1552050B-1250-4957-AD5C-5BEC12B45317}.Debug|Any CPU.ActiveCfg = Debug|Any CPU
		{1552050B-1250-4957-AD5C-5BEC12B45317}.Debug|Any CPU.Build.0 = Debug|Any CPU
		{1552050B-1250-4957-AD5C-5BEC12B45317}.Release|Any CPU.ActiveCfg = Release|Any CPU
		{1552050B-1250-4957-AD5C-5BEC12B45317}.Release|Any CPU.Build.0 = Release|Any CPU
	EndGlobalSection
	GlobalSection(SolutionProperties) = preSolution
		HideSolutionNode = FALSE
	EndGlobalSection
	GlobalSection(NestedProjects) = preSolution
		{52030E4F-C189-40AF-9C94-7E00A5D46032} = {AA6FE0B2-8218-4CFE-A520-ECC2F7B6266E}
		{5AB7238A-7AA6-47C4-B378-AFFD616295C1} = {AA6FE0B2-8218-4CFE-A520-ECC2F7B6266E}
		{E76F00BE-03F9-4C21-93A5-EC7D9CC47DEA} = {AA6FE0B2-8218-4CFE-A520-ECC2F7B6266E}
		{1552050B-1250-4957-AD5C-5BEC12B45317} = {E32D8AE9-2E7E-4CBC-8AA9-CC9CC4C66A8F}
	EndGlobalSection
EndGlobal
